
Microsoft Visual Studio Solution File, Format Version 10.00
# Visual Studio 2008
Project("{8BC9CEB8-8B4A-11D0-8D11-00A0C91BC942}") = "HistLib", "..\opencv-histlib\histLib.vcproj", "{8476686F-2171-4A0F-A5C9-A04E5D047745}"
EndProject
Project("{8BC9CEB8-8B4A-11D0-8D11-00A0C91BC942}") = "VisClassLib", "VisClassLib.vcproj", "{C18FFDC6-35F1-41E4-BD28-98F891E30F32}"
	ProjectSection(ProjectDependencies) = postProject
		{8476686F-2171-4A0F-A5C9-A04E5D047745} = {8476686F-2171-4A0F-A5C9-A04E5D047745}
	EndProjectSection
EndProject
Project("{8BC9CEB8-8B4A-11D0-8D11-00A0C91BC942}") = "VisClassSample", "VisClassSample.vcproj", "{6EE38735-AA26-49BF-8346-BC5B71A2E7B1}"
	ProjectSection(ProjectDependencies) = postProject
		{8476686F-2171-4A0F-A5C9-A04E5D047745} = {8476686F-2171-4A0F-A5C9-A04E5D047745}
		{C18FFDC6-35F1-41E4-BD28-98F891E30F32} = {C18FFDC6-35F1-41E4-BD28-98F891E30F32}
	EndProjectSection
EndProject
Global
	GlobalSection(SolutionConfigurationPlatforms) = preSolution
		Debug|Win32 = Debug|Win32
		Release|Win32 = Release|Win32
	EndGlobalSection
	GlobalSection(ProjectConfigurationPlatforms) = postSolution
		{8476686F-2171-4A0F-A5C9-A04E5D047745}.Debug|Win32.ActiveCfg = Debug|Win32
		{8476686F-2171-4A0F-A5C9-A04E5D047745}.Debug|Win32.Build.0 = Debug|Win32
		{8476686F-2171-4A0F-A5C9-A04E5D047745}.Release|Win32.ActiveCfg = Release|Win32
		{8476686F-2171-4A0F-A5C9-A04E5D047745}.Release|Win32.Build.0 = Release|Win32
		{C18FFDC6-35F1-41E4-BD28-98F891E30F32}.Debug|Win32.ActiveCfg = Debug|Win32
		{C18FFDC6-35F1-41E4-BD28-98F891E30F32}.Debug|Win32.Build.0 = Debug|Win32
		{C18FFDC6-35F1-41E4-BD28-98F891E30F32}.Release|Win32.ActiveCfg = Release|Win32
		{C18FFDC6-35F1-41E4-BD28-98F891E30F32}.Release|Win32.Build.0 = Release|Win32
		{6EE38735-AA26-49BF-8346-BC5B71A2E7B1}.Debug|Win32.ActiveCfg = Debug|Win32
		{6EE38735-AA26-49BF-8346-BC5B71A2E7B1}.Debug|Win32.Build.0 = Debug|Win32
		{6EE38735-AA26-49BF-8346-BC5B71A2E7B1}.Release|Win32.ActiveCfg = Release|Win32
		{6EE38735-AA26-49BF-8346-BC5B71A2E7B1}.Release|Win32.Build.0 = Release|Win32
	EndGlobalSection
	GlobalSection(SolutionProperties) = preSolution
		HideSolutionNode = FALSE
	EndGlobalSection
EndGlobal
